
Microsoft Visual Studio Solution File, Format Version 12.00
# Visual Studio Version 17
VisualStudioVersion = 17.11.35312.102
MinimumVisualStudioVersion = 10.0.40219.1
Project("{9A19103F-16F7-4668-BE54-9A1E7A4F7556}") = "Api", "Api\Api.csproj", "{E9E96697-F0AB-4526-8D37-B7EAE2B414A5}"
EndProject
Project("{9A19103F-16F7-4668-BE54-9A1E7A4F7556}") = "Domain", "Domain\Domain.csproj", "{2AE9482A-5C38-42F6-9189-711AECE2882B}"
EndProject
Project("{9A19103F-16F7-4668-BE54-9A1E7A4F7556}") = "Data", "Data\Data.csproj", "{103F87C6-7711-4E70-BB73-4F59C6184540}"
EndProject
Global
	GlobalSection(SolutionConfigurationPlatforms) = preSolution
		Debug|Any CPU = Debug|Any CPU
		Release|Any CPU = Release|Any CPU
	EndGlobalSection
	GlobalSection(ProjectConfigurationPlatforms) = postSolution
		{E9E96697-F0AB-4526-8D37-B7EAE2B414A5}.Debug|Any CPU.ActiveCfg = Debug|Any CPU
		{E9E96697-F0AB-4526-8D37-B7EAE2B414A5}.Debug|Any CPU.Build.0 = Debug|Any CPU
		{E9E96697-F0AB-4526-8D37-B7EAE2B414A5}.Release|Any CPU.ActiveCfg = Release|Any CPU
		{E9E96697-F0AB-4526-8D37-B7EAE2B414A5}.Release|Any CPU.Build.0 = Release|Any CPU
		{2AE9482A-5C38-42F6-9189-711AECE2882B}.Debug|Any CPU.ActiveCfg = Debug|Any CPU
		{2AE9482A-5C38-42F6-9189-711AECE2882B}.Debug|Any CPU.Build.0 = Debug|Any CPU
		{2AE9482A-5C38-42F6-9189-711AECE2882B}.Release|Any CPU.ActiveCfg = Release|Any CPU
		{2AE9482A-5C38-42F6-9189-711AECE2882B}.Release|Any CPU.Build.0 = Release|Any CPU
		{103F87C6-7711-4E70-BB73-4F59C6184540}.Debug|Any CPU.ActiveCfg = Debug|Any CPU
		{103F87C6-7711-4E70-BB73-4F59C6184540}.Debug|Any CPU.Build.0 = Debug|Any CPU
		{103F87C6-7711-4E70-BB73-4F59C6184540}.Release|Any CPU.ActiveCfg = Release|Any CPU
		{103F87C6-7711-4E70-BB73-4F59C6184540}.Release|Any CPU.Build.0 = Release|Any CPU
	EndGlobalSection
	GlobalSection(SolutionProperties) = preSolution
		HideSolutionNode = FALSE
	EndGlobalSection
	GlobalSection(ExtensibilityGlobals) = postSolution
		SolutionGuid = {F0951928-62A9-41B7-8369-35D9A3B77CFC}
	EndGlobalSection
EndGlobal
